
Microsoft Visual Studio Solution File, Format Version 12.00
# Visual Studio Version 16
VisualStudioVersion = 25.0.1700.7
MinimumVisualStudioVersion = 10.0.40219.1
Project("{FAE04EC0-301F-11D3-BF4B-00C04F79EFBC}") = "CommandPattern", "1.CommandPattern\CommandPattern.csproj", "{5415C5E0-4B41-4BD1-86B9-95CF1664067D}"
EndProject
Project("{FAE04EC0-301F-11D3-BF4B-00C04F79EFBC}") = "ValidationAttributes", "..\..\..\..\Users\hristoandonov\Downloads\ReflectionAndAttributes\ValidationAttributes\ValidationAttributes.csproj", "{D7C1C798-C3E4-4BD9-9F06-C356D0DCE778}"
EndProject
Global
	GlobalSection(SolutionConfigurationPlatforms) = preSolution
		Debug|Any CPU = Debug|Any CPU
		Release|Any CPU = Release|Any CPU
	EndGlobalSection
	GlobalSection(ProjectConfigurationPlatforms) = postSolution
		{5415C5E0-4B41-4BD1-86B9-95CF1664067D}.Debug|Any CPU.ActiveCfg = Debug|Any CPU
		{5415C5E0-4B41-4BD1-86B9-95CF1664067D}.Debug|Any CPU.Build.0 = Debug|Any CPU
		{5415C5E0-4B41-4BD1-86B9-95CF1664067D}.Release|Any CPU.ActiveCfg = Release|Any CPU
		{5415C5E0-4B41-4BD1-86B9-95CF1664067D}.Release|Any CPU.Build.0 = Release|Any CPU
		{D7C1C798-C3E4-4BD9-9F06-C356D0DCE778}.Debug|Any CPU.ActiveCfg = Debug|Any CPU
		{D7C1C798-C3E4-4BD9-9F06-C356D0DCE778}.Debug|Any CPU.Build.0 = Debug|Any CPU
		{D7C1C798-C3E4-4BD9-9F06-C356D0DCE778}.Release|Any CPU.ActiveCfg = Release|Any CPU
		{D7C1C798-C3E4-4BD9-9F06-C356D0DCE778}.Release|Any CPU.Build.0 = Release|Any CPU
	EndGlobalSection
	GlobalSection(SolutionProperties) = preSolution
		HideSolutionNode = FALSE
	EndGlobalSection
	GlobalSection(ExtensibilityGlobals) = postSolution
		SolutionGuid = {000FEB2B-EEBE-4108-B888-24A6504EB9DA}
	EndGlobalSection
EndGlobal
