
Microsoft Visual Studio Solution File, Format Version 12.00
# Visual Studio Version 16
VisualStudioVersion = 25.0.1703.0
MinimumVisualStudioVersion = 10.0.40219.1
Project("{FAE04EC0-301F-11D3-BF4B-00C04F79EFBC}") = "1.Shapes", "1.Shapes\1.Shapes.csproj", "{FCD2EB52-2FC9-4DE3-991B-765FB241F925}"
EndProject
Project("{FAE04EC0-301F-11D3-BF4B-00C04F79EFBC}") = "2.Cars", "2.Cars\2.Cars.csproj", "{8C293674-916A-40EA-B062-51068A0F4BCE}"
EndProject
Global
	GlobalSection(SolutionConfigurationPlatforms) = preSolution
		Debug|Any CPU = Debug|Any CPU
		Release|Any CPU = Release|Any CPU
	EndGlobalSection
	GlobalSection(ProjectConfigurationPlatforms) = postSolution
		{FCD2EB52-2FC9-4DE3-991B-765FB241F925}.Debug|Any CPU.ActiveCfg = Debug|Any CPU
		{FCD2EB52-2FC9-4DE3-991B-765FB241F925}.Debug|Any CPU.Build.0 = Debug|Any CPU
		{FCD2EB52-2FC9-4DE3-991B-765FB241F925}.Release|Any CPU.ActiveCfg = Release|Any CPU
		{FCD2EB52-2FC9-4DE3-991B-765FB241F925}.Release|Any CPU.Build.0 = Release|Any CPU
		{8C293674-916A-40EA-B062-51068A0F4BCE}.Debug|Any CPU.ActiveCfg = Debug|Any CPU
		{8C293674-916A-40EA-B062-51068A0F4BCE}.Debug|Any CPU.Build.0 = Debug|Any CPU
		{8C293674-916A-40EA-B062-51068A0F4BCE}.Release|Any CPU.ActiveCfg = Release|Any CPU
		{8C293674-916A-40EA-B062-51068A0F4BCE}.Release|Any CPU.Build.0 = Release|Any CPU
	EndGlobalSection
	GlobalSection(SolutionProperties) = preSolution
		HideSolutionNode = FALSE
	EndGlobalSection
	GlobalSection(ExtensibilityGlobals) = postSolution
		SolutionGuid = {F7538C25-0651-4C73-8111-99DB627C58A5}
	EndGlobalSection
EndGlobal
