
Microsoft Visual Studio Solution File, Format Version 12.00
# Visual Studio Version 16
VisualStudioVersion = 25.0.1703.8
MinimumVisualStudioVersion = 10.0.40219.1
Project("{FAE04EC0-301F-11D3-BF4B-00C04F79EFBC}") = "CarRacing", "..\01. Structure_Skeleton\CarRacing\CarRacing.csproj", "{409A3CB7-C822-4B6C-BE7C-D47D9BD196AF}"
EndProject
Project("{FAE04EC0-301F-11D3-BF4B-00C04F79EFBC}") = "CarRacingTests", "CarRacingTests\CarRacingTests.csproj", "{37F5EBA9-E26C-4EAE-AB50-7F1E90947BF0}"
EndProject
Global
	GlobalSection(SolutionConfigurationPlatforms) = preSolution
		Debug|Any CPU = Debug|Any CPU
		Release|Any CPU = Release|Any CPU
	EndGlobalSection
	GlobalSection(ProjectConfigurationPlatforms) = postSolution
		{409A3CB7-C822-4B6C-BE7C-D47D9BD196AF}.Debug|Any CPU.ActiveCfg = Debug|Any CPU
		{409A3CB7-C822-4B6C-BE7C-D47D9BD196AF}.Debug|Any CPU.Build.0 = Debug|Any CPU
		{409A3CB7-C822-4B6C-BE7C-D47D9BD196AF}.Release|Any CPU.ActiveCfg = Release|Any CPU
		{409A3CB7-C822-4B6C-BE7C-D47D9BD196AF}.Release|Any CPU.Build.0 = Release|Any CPU
		{37F5EBA9-E26C-4EAE-AB50-7F1E90947BF0}.Debug|Any CPU.ActiveCfg = Debug|Any CPU
		{37F5EBA9-E26C-4EAE-AB50-7F1E90947BF0}.Debug|Any CPU.Build.0 = Debug|Any CPU
		{37F5EBA9-E26C-4EAE-AB50-7F1E90947BF0}.Release|Any CPU.ActiveCfg = Release|Any CPU
		{37F5EBA9-E26C-4EAE-AB50-7F1E90947BF0}.Release|Any CPU.Build.0 = Release|Any CPU
	EndGlobalSection
	GlobalSection(SolutionProperties) = preSolution
		HideSolutionNode = FALSE
	EndGlobalSection
	GlobalSection(ExtensibilityGlobals) = postSolution
		SolutionGuid = {73C2C0E3-6BE5-4672-82DF-EF12575EAB05}
	EndGlobalSection
EndGlobal
