
Microsoft Visual Studio Solution File, Format Version 12.00
# Visual Studio Version 16
VisualStudioVersion = 25.0.1703.0
MinimumVisualStudioVersion = 10.0.40219.1
Project("{FAE04EC0-301F-11D3-BF4B-00C04F79EFBC}") = "1.ClassBoxData", "1.ClassBoxData\1.ClassBoxData.csproj", "{AD67FC41-1439-48B0-A98A-9C79E60F7D0C}"
EndProject
Project("{FAE04EC0-301F-11D3-BF4B-00C04F79EFBC}") = "2.AnimalFarm", "2.AnimalFarm\2.AnimalFarm.csproj", "{3576C70E-5215-43FF-B33B-6D6212DC79CE}"
EndProject
Project("{FAE04EC0-301F-11D3-BF4B-00C04F79EFBC}") = "3.ShoppingSpree", "3.ShoppingSpree\3.ShoppingSpree.csproj", "{73752281-D307-4C20-8AFE-541D98DBCD83}"
EndProject
Global
	GlobalSection(SolutionConfigurationPlatforms) = preSolution
		Debug|Any CPU = Debug|Any CPU
		Release|Any CPU = Release|Any CPU
	EndGlobalSection
	GlobalSection(ProjectConfigurationPlatforms) = postSolution
		{AD67FC41-1439-48B0-A98A-9C79E60F7D0C}.Debug|Any CPU.ActiveCfg = Debug|Any CPU
		{AD67FC41-1439-48B0-A98A-9C79E60F7D0C}.Debug|Any CPU.Build.0 = Debug|Any CPU
		{AD67FC41-1439-48B0-A98A-9C79E60F7D0C}.Release|Any CPU.ActiveCfg = Release|Any CPU
		{AD67FC41-1439-48B0-A98A-9C79E60F7D0C}.Release|Any CPU.Build.0 = Release|Any CPU
		{3576C70E-5215-43FF-B33B-6D6212DC79CE}.Debug|Any CPU.ActiveCfg = Debug|Any CPU
		{3576C70E-5215-43FF-B33B-6D6212DC79CE}.Debug|Any CPU.Build.0 = Debug|Any CPU
		{3576C70E-5215-43FF-B33B-6D6212DC79CE}.Release|Any CPU.ActiveCfg = Release|Any CPU
		{3576C70E-5215-43FF-B33B-6D6212DC79CE}.Release|Any CPU.Build.0 = Release|Any CPU
		{73752281-D307-4C20-8AFE-541D98DBCD83}.Debug|Any CPU.ActiveCfg = Debug|Any CPU
		{73752281-D307-4C20-8AFE-541D98DBCD83}.Debug|Any CPU.Build.0 = Debug|Any CPU
		{73752281-D307-4C20-8AFE-541D98DBCD83}.Release|Any CPU.ActiveCfg = Release|Any CPU
		{73752281-D307-4C20-8AFE-541D98DBCD83}.Release|Any CPU.Build.0 = Release|Any CPU
	EndGlobalSection
	GlobalSection(SolutionProperties) = preSolution
		HideSolutionNode = FALSE
	EndGlobalSection
	GlobalSection(ExtensibilityGlobals) = postSolution
		SolutionGuid = {BF2CFE70-4618-4DF8-B62A-8C67ED0F5161}
	EndGlobalSection
EndGlobal
