
Microsoft Visual Studio Solution File, Format Version 12.00
# Visual Studio Version 16
VisualStudioVersion = 25.0.1700.7
MinimumVisualStudioVersion = 10.0.40219.1
Project("{FAE04EC0-301F-11D3-BF4B-00C04F79EFBC}") = "1.Stealer", "1.Stealer\1.Stealer.csproj", "{0FC31BC3-620D-4007-89B8-844519D4FC32}"
EndProject
Project("{FAE04EC0-301F-11D3-BF4B-00C04F79EFBC}") = "2.High-Quality-Mistakes", "2.High-Quality-Mistakes\2.High-Quality-Mistakes.csproj", "{67431C65-85B3-4F29-9AC1-9285E7A22A2F}"
EndProject
Project("{FAE04EC0-301F-11D3-BF4B-00C04F79EFBC}") = "3.Mission-Private-Impossible", "3.Mission-Private-Impossible\3.Mission-Private-Impossible.csproj", "{3E4503B7-7E0C-4CDA-AF1E-E663B9E175BA}"
EndProject
Project("{FAE04EC0-301F-11D3-BF4B-00C04F79EFBC}") = "4.Collector", "4.Collector\4.Collector.csproj", "{C105B660-4EE7-4741-8D4D-0D3020C119FD}"
EndProject
Global
	GlobalSection(SolutionConfigurationPlatforms) = preSolution
		Debug|Any CPU = Debug|Any CPU
		Release|Any CPU = Release|Any CPU
	EndGlobalSection
	GlobalSection(ProjectConfigurationPlatforms) = postSolution
		{0FC31BC3-620D-4007-89B8-844519D4FC32}.Debug|Any CPU.ActiveCfg = Debug|Any CPU
		{0FC31BC3-620D-4007-89B8-844519D4FC32}.Debug|Any CPU.Build.0 = Debug|Any CPU
		{0FC31BC3-620D-4007-89B8-844519D4FC32}.Release|Any CPU.ActiveCfg = Release|Any CPU
		{0FC31BC3-620D-4007-89B8-844519D4FC32}.Release|Any CPU.Build.0 = Release|Any CPU
		{67431C65-85B3-4F29-9AC1-9285E7A22A2F}.Debug|Any CPU.ActiveCfg = Debug|Any CPU
		{67431C65-85B3-4F29-9AC1-9285E7A22A2F}.Debug|Any CPU.Build.0 = Debug|Any CPU
		{67431C65-85B3-4F29-9AC1-9285E7A22A2F}.Release|Any CPU.ActiveCfg = Release|Any CPU
		{67431C65-85B3-4F29-9AC1-9285E7A22A2F}.Release|Any CPU.Build.0 = Release|Any CPU
		{3E4503B7-7E0C-4CDA-AF1E-E663B9E175BA}.Debug|Any CPU.ActiveCfg = Debug|Any CPU
		{3E4503B7-7E0C-4CDA-AF1E-E663B9E175BA}.Debug|Any CPU.Build.0 = Debug|Any CPU
		{3E4503B7-7E0C-4CDA-AF1E-E663B9E175BA}.Release|Any CPU.ActiveCfg = Release|Any CPU
		{3E4503B7-7E0C-4CDA-AF1E-E663B9E175BA}.Release|Any CPU.Build.0 = Release|Any CPU
		{C105B660-4EE7-4741-8D4D-0D3020C119FD}.Debug|Any CPU.ActiveCfg = Debug|Any CPU
		{C105B660-4EE7-4741-8D4D-0D3020C119FD}.Debug|Any CPU.Build.0 = Debug|Any CPU
		{C105B660-4EE7-4741-8D4D-0D3020C119FD}.Release|Any CPU.ActiveCfg = Release|Any CPU
		{C105B660-4EE7-4741-8D4D-0D3020C119FD}.Release|Any CPU.Build.0 = Release|Any CPU
	EndGlobalSection
	GlobalSection(SolutionProperties) = preSolution
		HideSolutionNode = FALSE
	EndGlobalSection
	GlobalSection(ExtensibilityGlobals) = postSolution
		SolutionGuid = {3C8B31B6-1F09-439E-9113-301CD0E3EA6C}
	EndGlobalSection
EndGlobal
