
Microsoft Visual Studio Solution File, Format Version 12.00
# Visual Studio Version 16
VisualStudioVersion = 25.0.1703.0
MinimumVisualStudioVersion = 10.0.40219.1
Project("{FAE04EC0-301F-11D3-BF4B-00C04F79EFBC}") = "Database", "Skeleton\Database\Database.csproj", "{E57F17AB-DED2-43F3-BF57-A53B9106818F}"
EndProject
Project("{FAE04EC0-301F-11D3-BF4B-00C04F79EFBC}") = "DatabaseTests", "DatabaseTests\DatabaseTests.csproj", "{244E0620-125C-4392-8342-93885F9AED60}"
EndProject
Global
	GlobalSection(SolutionConfigurationPlatforms) = preSolution
		Debug|Any CPU = Debug|Any CPU
		Release|Any CPU = Release|Any CPU
	EndGlobalSection
	GlobalSection(ProjectConfigurationPlatforms) = postSolution
		{E57F17AB-DED2-43F3-BF57-A53B9106818F}.Debug|Any CPU.ActiveCfg = Debug|Any CPU
		{E57F17AB-DED2-43F3-BF57-A53B9106818F}.Debug|Any CPU.Build.0 = Debug|Any CPU
		{E57F17AB-DED2-43F3-BF57-A53B9106818F}.Release|Any CPU.ActiveCfg = Release|Any CPU
		{E57F17AB-DED2-43F3-BF57-A53B9106818F}.Release|Any CPU.Build.0 = Release|Any CPU
		{244E0620-125C-4392-8342-93885F9AED60}.Debug|Any CPU.ActiveCfg = Debug|Any CPU
		{244E0620-125C-4392-8342-93885F9AED60}.Debug|Any CPU.Build.0 = Debug|Any CPU
		{244E0620-125C-4392-8342-93885F9AED60}.Release|Any CPU.ActiveCfg = Release|Any CPU
		{244E0620-125C-4392-8342-93885F9AED60}.Release|Any CPU.Build.0 = Release|Any CPU
	EndGlobalSection
	GlobalSection(SolutionProperties) = preSolution
		HideSolutionNode = FALSE
	EndGlobalSection
	GlobalSection(ExtensibilityGlobals) = postSolution
		SolutionGuid = {964997D4-4769-4877-8B0E-F148752ABB4F}
	EndGlobalSection
EndGlobal
